
Microsoft Visual Studio Solution File, Format Version 12.00
# Visual Studio Version 17
VisualStudioVersion = 17.3.32929.385
MinimumVisualStudioVersion = 10.0.40219.1
Project("{FAE04EC0-301F-11D3-BF4B-00C04F79EFBC}") = "Task2", "Task2\Task2.csproj", "{C3B4F61D-5E2E-4EE2-B4ED-DAAE32A8B4D9}"
EndProject
Global
	GlobalSection(SolutionConfigurationPlatforms) = preSolution
		Debug|Any CPU = Debug|Any CPU
		Release|Any CPU = Release|Any CPU
	EndGlobalSection
	GlobalSection(ProjectConfigurationPlatforms) = postSolution
		{C3B4F61D-5E2E-4EE2-B4ED-DAAE32A8B4D9}.Debug|Any CPU.ActiveCfg = Debug|Any CPU
		{C3B4F61D-5E2E-4EE2-B4ED-DAAE32A8B4D9}.Debug|Any CPU.Build.0 = Debug|Any CPU
		{C3B4F61D-5E2E-4EE2-B4ED-DAAE32A8B4D9}.Release|Any CPU.ActiveCfg = Release|Any CPU
		{C3B4F61D-5E2E-4EE2-B4ED-DAAE32A8B4D9}.Release|Any CPU.Build.0 = Release|Any CPU
	EndGlobalSection
	GlobalSection(SolutionProperties) = preSolution
		HideSolutionNode = FALSE
	EndGlobalSection
	GlobalSection(ExtensibilityGlobals) = postSolution
		SolutionGuid = {D835C954-3A67-42D7-98F6-DDD37527B1E9}
	EndGlobalSection
EndGlobal
